
Microsoft Visual Studio Solution File, Format Version 12.00
# Visual Studio 2013
VisualStudioVersion = 12.0.31101.0
MinimumVisualStudioVersion = 10.0.40219.1
Project("{FAE04EC0-301F-11D3-BF4B-00C04F79EFBC}") = "a2b", "a2b\a2b.csproj", "{B6972438-4963-4243-B68B-B465788333E9}"
EndProject
Project("{FAE04EC0-301F-11D3-BF4B-00C04F79EFBC}") = "a2btest", "a2btest\a2btest.csproj", "{4D57D541-48FE-4466-8016-83D76C262B26}"
EndProject
Project("{2150E333-8FDC-42A3-9474-1A3956D46DE8}") = "documents", "documents", "{64715544-8658-4AD4-8FD7-4F6A5E0C125E}"
	ProjectSection(SolutionItems) = preProject
		documents\Advanced Health & Care Project Approach Jeremy Pridmore 13-03-2015.docx = documents\Advanced Health & Care Project Approach Jeremy Pridmore 13-03-2015.docx
		documents\Programming Test.doc = documents\Programming Test.doc
		documents\words-english.zip = documents\words-english.zip
	EndProjectSection
EndProject
Global
	GlobalSection(SolutionConfigurationPlatforms) = preSolution
		Debug|Any CPU = Debug|Any CPU
		Release|Any CPU = Release|Any CPU
	EndGlobalSection
	GlobalSection(ProjectConfigurationPlatforms) = postSolution
		{B6972438-4963-4243-B68B-B465788333E9}.Debug|Any CPU.ActiveCfg = Debug|Any CPU
		{B6972438-4963-4243-B68B-B465788333E9}.Debug|Any CPU.Build.0 = Debug|Any CPU
		{B6972438-4963-4243-B68B-B465788333E9}.Release|Any CPU.ActiveCfg = Release|Any CPU
		{B6972438-4963-4243-B68B-B465788333E9}.Release|Any CPU.Build.0 = Release|Any CPU
		{4D57D541-48FE-4466-8016-83D76C262B26}.Debug|Any CPU.ActiveCfg = Debug|Any CPU
		{4D57D541-48FE-4466-8016-83D76C262B26}.Debug|Any CPU.Build.0 = Debug|Any CPU
		{4D57D541-48FE-4466-8016-83D76C262B26}.Release|Any CPU.ActiveCfg = Release|Any CPU
		{4D57D541-48FE-4466-8016-83D76C262B26}.Release|Any CPU.Build.0 = Release|Any CPU
	EndGlobalSection
	GlobalSection(SolutionProperties) = preSolution
		HideSolutionNode = FALSE
	EndGlobalSection
EndGlobal
